// !$*UTF8*$!
{
	archiveVersion = 1;
	classes = {
	};
	objectVersion = 46;
	objects = {

/* Begin PBXBuildFile section */
		D44B65A51E1EFD7E00E731B9 /* AppDelegate.swift in Sources */ = {isa = PBXBuildFile; fileRef = D44B65A41E1EFD7E00E731B9 /* AppDelegate.swift */; };
		D44B65A71E1EFD7E00E731B9 /* ViewController.swift in Sources */ = {isa = PBXBuildFile; fileRef = D44B65A61E1EFD7E00E731B9 /* ViewController.swift */; };
		D44B65AA1E1EFD7E00E731B9 /* Main.storyboard in Resources */ = {isa = PBXBuildFile; fileRef = D44B65A81E1EFD7E00E731B9 /* Main.storyboard */; };
		D44B65AC1E1EFD7E00E731B9 /* Assets.xcassets in Resources */ = {isa = PBXBuildFile; fileRef = D44B65AB1E1EFD7E00E731B9 /* Assets.xcassets */; };
		D44B65AF1E1EFD7E00E731B9 /* LaunchScreen.storyboard in Resources */ = {isa = PBXBuildFile; fileRef = D44B65AD1E1EFD7E00E731B9 /* LaunchScreen.storyboard */; };
/* End PBXBuildFile section */

/* Begin PBXFileReference section */
		D44B65A11E1EFD7E00E731B9 /* TipCalculatorPreWork.app */ = {isa = PBXFileReference; explicitFileType = wrapper.application; includeInIndex = 0; path = TipCalculatorPreWork.app; sourceTree = BUILT_PRODUCTS_DIR; };
		D44B65A41E1EFD7E00E731B9 /* AppDelegate.swift */ = {isa = PBXFileReference; lastKnownFileType = sourcecode.swift; path = AppDelegate.swift; sourceTree = "<group>"; };
		D44B65A61E1EFD7E00E731B9 /* ViewController.swift */ = {isa = PBXFileReference; lastKnownFileType = sourcecode.swift; path = ViewController.swift; sourceTree = "<group>"; };
		D44B65A91E1EFD7E00E731B9 /* Base */ = {isa = PBXFileReference; lastKnownFileType = file.storyboard; name = Base; path = Base.lproj/Main.storyboard; sourceTree = "<group>"; };
		D44B65AB1E1EFD7E00E731B9 /* Assets.xcassets */ = {isa = PBXFileReference; lastKnownFileType = folder.assetcatalog; path = Assets.xcassets; sourceTree = "<group>"; };
		D44B65AE1E1EFD7E00E731B9 /* Base */ = {isa = PBXFileReference; lastKnownFileType = file.storyboard; name = Base; path = Base.lproj/LaunchScreen.storyboard; sourceTree = "<group>"; };
		D44B65B01E1EFD7E00E731B9 /* Info.plist */ = {isa = PBXFileReference; lastKnownFileType = text.plist.xml; path = Info.plist; sourceTree = "<group>"; };
/* End PBXFileReference section */

/* Begin PBXFrameworksBuildPhase section */
		D44B659E1E1EFD7E00E731B9 /* Frameworks */ = {
			isa = PBXFrameworksBuildPhase;
			buildActionMask = 2147483647;
			files = (
			);
			runOnlyForDeploymentPostprocessing = 0;
		};
/* End PBXFrameworksBuildPhase section */

/* Begin PBXGroup section */
		D44B65981E1EFD7E00E731B9 = {
			isa = PBXGroup;
			children = (
				D44B65A31E1EFD7E00E731B9 /* TipCalculatorPreWork */,
				D44B65A21E1EFD7E00E731B9 /* Products */,
			);
			sourceTree = "<group>";
		};
		D44B65A21E1EFD7E00E731B9 /* Products */ = {
			isa = PBXGroup;
			children = (
				D44B65A11E1EFD7E00E731B9 /* TipCalculatorPreWork.app */,
			);
			name = Products;
			sourceTree = "<group>";
		};
		D44B65A31E1EFD7E00E731B9 /* TipCalculatorPreWork */ = {
			isa = PBXGroup;
			children = (
				D44B65A41E1EFD7E00E731B9 /* AppDelegate.swift */,
				D44B65A61E1EFD7E00E731B9 /* ViewController.swift */,
				D44B65A81E1EFD7E00E731B9 /* Main.storyboard */,
				D44B65AB1E1EFD7E00E731B9 /* Assets.xcassets */,
				D44B65AD1E1EFD7E00E731B9 /* LaunchScreen.storyboard */,
				D44B65B01E1EFD7E00E731B9 /* Info.plist */,
			);
			path = TipCalculatorPreWork;
			sourceTree = "<group>";
		};
/* End PBXGroup section */

/* Begin PBXNativeTarget section */
		D44B65A01E1EFD7E00E731B9 /* TipCalculatorPreWork */ = {
			isa = PBXNativeTarget;
			buildConfigurationList = D44B65B31E1EFD7E00E731B9 /* Build configuration list for PBXNativeTarget "TipCalculatorPreWork" */;
			buildPhases = (
				D44B659D1E1EFD7E00E731B9 /* Sources */,
				D44B659E1E1EFD7E00E731B9 /* Frameworks */,
				D44B659F1E1EFD7E00E731B9 /* Resources */,
			);
			buildRules = (
			);
			dependencies = (
			);
			name = TipCalculatorPreWork;
			productName = TipCalculatorPreWork;
			productReference = D44B65A11E1EFD7E00E731B9 /* TipCalculatorPreWork.app */;
			productType = "com.apple.product-type.application";
		};
/* End PBXNativeTarget section */

/* Begin PBXProject section */
		D44B65991E1EFD7E00E731B9 /* Project object */ = {
			isa = PBXProject;
			attributes = {
				LastSwiftUpdateCheck = 0800;
				LastUpgradeCheck = 0800;
				ORGANIZATIONNAME = Baileyzorz;
				TargetAttributes = {
					D44B65A01E1EFD7E00E731B9 = {
						CreatedOnToolsVersion = 8.0;
						ProvisioningStyle = Automatic;
					};
				};
			};
			buildConfigurationList = D44B659C1E1EFD7E00E731B9 /* Build configuration list for PBXProject "TipCalculatorPreWork" */;
			compatibilityVersion = "Xcode 3.2";
			developmentRegion = English;
			hasScannedForEncodings = 0;
			knownRegions = (
				en,
				Base,
			);
			mainGroup = D44B65981E1EFD7E00E731B9;
			productRefGroup = D44B65A21E1EFD7E00E731B9 /* Products */;
			projectDirPath = "";
			projectRoot = "";
			targets = (
				D44B65A01E1EFD7E00E731B9 /* TipCalculatorPreWork */,
			);
		};
/* End PBXProject section */

/* Begin PBXResourcesBuildPhase section */
		D44B659F1E1EFD7E00E731B9 /* Resources */ = {
			isa = PBXResourcesBuildPhase;
			buildActionMask = 2147483647;
			files = (
				D44B65AF1E1EFD7E00E731B9 /* LaunchScreen.storyboard in Resources */,
				D44B65AC1E1EFD7E00E731B9 /* Assets.xcassets in Resources */,
				D44B65AA1E1EFD7E00E731B9 /* Main.storyboard in Resources */,
			);
			runOnlyForDeploymentPostprocessing = 0;
		};
/* End PBXResourcesBuildPhase section */

/* Begin PBXSourcesBuildPhase section */
		D44B659D1E1EFD7E00E731B9 /* Sources */ = {
			isa = PBXSourcesBuildPhase;
			buildActionMask = 2147483647;
			files = (
				D44B65A71E1EFD7E00E731B9 /* ViewController.swift in Sources */,
				D44B65A51E1EFD7E00E731B9 /* AppDelegate.swift in Sources */,
			);
			runOnlyForDeploymentPostprocessing = 0;
		};
/* End PBXSourcesBuildPhase section */

/* Begin PBXVariantGroup section */
		D44B65A81E1EFD7E00E731B9 /* Main.storyboard */ = {
			isa = PBXVariantGroup;
			children = (
				D44B65A91E1EFD7E00E731B9 /* Base */,
			);
			name = Main.storyboard;
			sourceTree = "<group>";
		};
		D44B65AD1E1EFD7E00E731B9 /* LaunchScreen.storyboard */ = {
			isa = PBXVariantGroup;
			children = (
				D44B65AE1E1EFD7E00E731B9 /* Base */,
			);
			name = LaunchScreen.storyboard;
			sourceTree = "<group>";
		};
/* End PBXVariantGroup section */

/* Begin XCBuildConfiguration section */
		D44B65B11E1EFD7E00E731B9 /* Debug */ = {
			isa = XCBuildConfiguration;
			buildSettings = {
				ALWAYS_SEARCH_USER_PATHS = NO;
				CLANG_ANALYZER_NONNULL = YES;
				CLANG_CXX_LANGUAGE_STANDARD = "gnu++0x";
				CLANG_CXX_LIBRARY = "libc++";
				CLANG_ENABLE_MODULES = YES;
				CLANG_ENABLE_OBJC_ARC = YES;
				CLANG_WARN_BOOL_CONVERSION = YES;
				CLANG_WARN_CONSTANT_CONVERSION = YES;
				CLANG_WARN_DIRECT_OBJC_ISA_USAGE = YES_ERROR;
				CLANG_WARN_DOCUMENTATION_COMMENTS = YES;
				CLANG_WARN_EMPTY_BODY = YES;
				CLANG_WARN_ENUM_CONVERSION = YES;
				CLANG_WARN_INFINITE_RECURSION = YES;
				CLANG_WARN_INT_CONVERSION = YES;
				CLANG_WARN_OBJC_ROOT_CLASS = YES_ERROR;
				CLANG_WARN_SUSPICIOUS_MOVES = YES;
				CLANG_WARN_UNREACHABLE_CODE = YES;
				CLANG_WARN__DUPLICATE_METHOD_MATCH = YES;
				"CODE_SIGN_IDENTITY[sdk=iphoneos*]" = "iPhone Developer";
				COPY_PHASE_STRIP = NO;
				DEBUG_INFORMATION_FORMAT = dwarf;
				ENABLE_STRICT_OBJC_MSGSEND = YES;
				ENABLE_TESTABILITY = YES;
				GCC_C_LANGUAGE_STANDARD = gnu99;
				GCC_DYNAMIC_NO_PIC = NO;
				GCC_NO_COMMON_BLOCKS = YES;
				GCC_OPTIMIZATION_LEVEL = 0;
				GCC_PREPROCESSOR_DEFINITIONS = (
					"DEBUG=1",
					"$(inherited)",
				);
				GCC_WARN_64_TO_32_BIT_CONVERSION = YES;
				GCC_WARN_ABOUT_RETURN_TYPE = YES_ERROR;
				GCC_WARN_UNDECLARED_SELECTOR = YES;
				GCC_WARN_UNINITIALIZED_AUTOS = YES_AGGRESSIVE;
				GCC_WARN_UNUSED_FUNCTION = YES;
				GCC_WARN_UNUSED_VARIABLE = YES;
				IPHONEOS_DEPLOYMENT_TARGET = 10.0;
				MTL_ENABLE_DEBUG_INFO = YES;
				ONLY_ACTIVE_ARCH = YES;
				SDKROOT = iphoneos;
				SWIFT_ACTIVE_COMPILATION_CONDITIONS = DEBUG;
				SWIFT_OPTIMIZATION_LEVEL = "-Onone";
			};
			name = Debug;
		};
		D44B65B21E1EFD7E00E731B9 /* Release */ = {
			isa = XCBuildConfiguration;
			buildSettings = {
				ALWAYS_SEARCH_USER_PATHS = NO;
				CLANG_ANALYZER_NONNULL = YES;
				CLANG_CXX_LANGUAGE_STANDARD = "gnu++0x";
				CLANG_CXX_LIBRARY = "libc++";
				CLANG_ENABLE_MODULES = YES;
				CLANG_ENABLE_OBJC_ARC = YES;
				CLANG_WARN_BOOL_CONVERSION = YES;
				CLANG_WARN_CONSTANT_CONVERSION = YES;
				CLANG_WARN_DIRECT_OBJC_ISA_USAGE = YES_ERROR;
				CLANG_WARN_DOCUMENTATION_COMMENTS = YES;
				CLANG_WARN_EMPTY_BODY = YES;
				CLANG_WARN_ENUM_CONVERSION = YES;
				CLANG_WARN_INFINITE_RECURSION = YES;
				CLANG_WARN_INT_CONVERSION = YES;
				CLANG_WARN_OBJC_ROOT_CLASS = YES_ERROR;
				CLANG_WARN_SUSPICIOUS_MOVES = YES;
				CLANG_WARN_UNREACHABLE_CODE = YES;
				CLANG_WARN__DUPLICATE_METHOD_MATCH = YES;
				"CODE_SIGN_IDENTITY[sdk=iphoneos*]" = "iPhone Developer";
				COPY_PHASE_STRIP = NO;
				DEBUG_INFORMATION_FORMAT = "dwarf-with-dsym";
				ENABLE_NS_ASSERTIONS = NO;
				ENABLE_STRICT_OBJC_MSGSEND = YES;
				GCC_C_LANGUAGE_STANDARD = gnu99;
				GCC_NO_COMMON_BLOCKS = YES;
				GCC_WARN_64_TO_32_BIT_CONVERSION = YES;
				GCC_WARN_ABOUT_RETURN_TYPE = YES_ERROR;
				GCC_WARN_UNDECLARED_SELECTOR = YES;
				GCC_WARN_UNINITIALIZED_AUTOS = YES_AGGRESSIVE;
				GCC_WARN_UNUSED_FUNCTION = YES;
				GCC_WARN_UNUSED_VARIABLE = YES;
				IPHONEOS_DEPLOYMENT_TARGET = 10.0;
				MTL_ENABLE_DEBUG_INFO = NO;
				SDKROOT = iphoneos;
				SWIFT_OPTIMIZATION_LEVEL = "-Owholemodule";
				VALIDATE_PRODUCT = YES;
			};
			name = Release;
		};
		D44B65B41E1EFD7E00E731B9 /* Debug */ = {
			isa = XCBuildConfiguration;
			buildSettings = {
				ASSETCATALOG_COMPILER_APPICON_NAME = AppIcon;
				INFOPLIST_FILE = TipCalculatorPreWork/Info.plist;
				LD_RUNPATH_SEARCH_PATHS = "$(inherited) @executable_path/Frameworks";
				PRODUCT_BUNDLE_IDENTIFIER = com.baileyzorz.TipCalculatorPreWork;
				PRODUCT_NAME = "$(TARGET_NAME)";
				SWIFT_VERSION = 3.0;
			};
			name = Debug;
		};
		D44B65B51E1EFD7E00E731B9 /* Release */ = {
			isa = XCBuildConfiguration;
			buildSettings = {
				ASSETCATALOG_COMPILER_APPICON_NAME = AppIcon;
				INFOPLIST_FILE = TipCalculatorPreWork/Info.plist;
				LD_RUNPATH_SEARCH_PATHS = "$(inherited) @executable_path/Frameworks";
				PRODUCT_BUNDLE_IDENTIFIER = com.baileyzorz.TipCalculatorPreWork;
				PRODUCT_NAME = "$(TARGET_NAME)";
				SWIFT_VERSION = 3.0;
			};
			name = Release;
		};
/* End XCBuildConfiguration section */

/* Begin XCConfigurationList section */
		D44B659C1E1EFD7E00E731B9 /* Build configuration list for PBXProject "TipCalculatorPreWork" */ = {
			isa = XCConfigurationList;
			buildConfigurations = (
				D44B65B11E1EFD7E00E731B9 /* Debug */,
				D44B65B21E1EFD7E00E731B9 /* Release */,
			);
			defaultConfigurationIsVisible = 0;
			defaultConfigurationName = Release;
		};
		D44B65B31E1EFD7E00E731B9 /* Build configuration list for PBXNativeTarget "TipCalculatorPreWork" */ = {
			isa = XCConfigurationList;
			buildConfigurations = (
				D44B65B41E1EFD7E00E731B9 /* Debug */,
				D44B65B51E1EFD7E00E731B9 /* Release */,
			);
			defaultConfigurationIsVisible = 0;
		};
/* End XCConfigurationList section */
	};
	rootObject = D44B65991E1EFD7E00E731B9 /* Project object */;
}
